// !$*UTF8*$!
{
	archiveVersion = 1;
	classes = {
	};
	objectVersion = 77;
	objects = {

/* Begin PBXBuildFile section */
		2D0AE0692FA8CF6100C55AC5 /* Wallet in Frameworks */ = {isa = PBXBuildFile; productRef = 2D0AE0682FA8CF6100C55AC5 /* Wallet */; };
		2D0AE0722FA8D54100C55AC5 /* Authentication in Frameworks */ = {isa = PBXBuildFile; productRef = 2D0AE0712FA8D54100C55AC5 /* Authentication */; };
/* End PBXBuildFile section */

/* Begin PBXContainerItemProxy section */
		2D0ADFF62FA8696C00C55AC5 /* PBXContainerItemProxy */ = {
			isa = PBXContainerItemProxy;
			containerPortal = 2D0ADFD72FA8696C00C55AC5 /* Project object */;
			proxyType = 1;
			remoteGlobalIDString = 2D0ADFDE2FA8696C00C55AC5;
			remoteInfo = SampleWalletApp;
		};
		2D0AE0002FA8696C00C55AC5 /* PBXContainerItemProxy */ = {
			isa = PBXContainerItemProxy;
			containerPortal = 2D0ADFD72FA8696C00C55AC5 /* Project object */;
			proxyType = 1;
			remoteGlobalIDString = 2D0ADFDE2FA8696C00C55AC5;
			remoteInfo = SampleWalletApp;
		};
/* End PBXContainerItemProxy section */

/* Begin PBXFileReference section */
		2D0ADFDF2FA8696C00C55AC5 /* SampleWalletApp.app */ = {isa = PBXFileReference; explicitFileType = wrapper.application; includeInIndex = 0; path = SampleWalletApp.app; sourceTree = BUILT_PRODUCTS_DIR; };
		2D0ADFF52FA8696C00C55AC5 /* SampleWalletAppTests.xctest */ = {isa = PBXFileReference; explicitFileType = wrapper.cfbundle; includeInIndex = 0; path = SampleWalletAppTests.xctest; sourceTree = BUILT_PRODUCTS_DIR; };
		2D0ADFFF2FA8696C00C55AC5 /* SampleWalletAppUITests.xctest */ = {isa = PBXFileReference; explicitFileType = wrapper.cfbundle; includeInIndex = 0; path = SampleWalletAppUITests.xctest; sourceTree = BUILT_PRODUCTS_DIR; };
/* End PBXFileReference section */

/* Begin PBXFileSystemSynchronizedBuildFileExceptionSet section */
		2D0AE0072FA8696C00C55AC5 /* Exceptions for "SampleWalletApp" folder in "SampleWalletApp" target */ = {
			isa = PBXFileSystemSynchronizedBuildFileExceptionSet;
			membershipExceptions = (
				Info.plist,
			);
			target = 2D0ADFDE2FA8696C00C55AC5 /* SampleWalletApp */;
		};
/* End PBXFileSystemSynchronizedBuildFileExceptionSet section */

/* Begin PBXFileSystemSynchronizedRootGroup section */
		2D0ADFE12FA8696C00C55AC5 /* SampleWalletApp */ = {
			isa = PBXFileSystemSynchronizedRootGroup;
			exceptions = (
				2D0AE0072FA8696C00C55AC5 /* Exceptions for "SampleWalletApp" folder in "SampleWalletApp" target */,
			);
			path = SampleWalletApp;
			sourceTree = "<group>";
		};
		2D0ADFF82FA8696C00C55AC5 /* SampleWalletAppTests */ = {
			isa = PBXFileSystemSynchronizedRootGroup;
			path = SampleWalletAppTests;
			sourceTree = "<group>";
		};
		2D0AE0022FA8696C00C55AC5 /* SampleWalletAppUITests */ = {
			isa = PBXFileSystemSynchronizedRootGroup;
			path = SampleWalletAppUITests;
			sourceTree = "<group>";
		};
/* End PBXFileSystemSynchronizedRootGroup section */

/* Begin PBXFrameworksBuildPhase section */
		2D0ADFDC2FA8696C00C55AC5 /* Frameworks */ = {
			isa = PBXFrameworksBuildPhase;
			buildActionMask = 2147483647;
			files = (
				2D0AE0722FA8D54100C55AC5 /* Authentication in Frameworks */,
				2D0AE0692FA8CF6100C55AC5 /* Wallet in Frameworks */,
			);
			runOnlyForDeploymentPostprocessing = 0;
		};
		2D0ADFF22FA8696C00C55AC5 /* Frameworks */ = {
			isa = PBXFrameworksBuildPhase;
			buildActionMask = 2147483647;
			files = (
			);
			runOnlyForDeploymentPostprocessing = 0;
		};
		2D0ADFFC2FA8696C00C55AC5 /* Frameworks */ = {
			isa = PBXFrameworksBuildPhase;
			buildActionMask = 2147483647;
			files = (
			);
			runOnlyForDeploymentPostprocessing = 0;
		};
/* End PBXFrameworksBuildPhase section */

/* Begin PBXGroup section */
		2D0ADFD62FA8696C00C55AC5 = {
			isa = PBXGroup;
			children = (
				2D0ADFE12FA8696C00C55AC5 /* SampleWalletApp */,
				2D0ADFF82FA8696C00C55AC5 /* SampleWalletAppTests */,
				2D0AE0022FA8696C00C55AC5 /* SampleWalletAppUITests */,
				2D0ADFE02FA8696C00C55AC5 /* Products */,
			);
			sourceTree = "<group>";
		};
		2D0ADFE02FA8696C00C55AC5 /* Products */ = {
			isa = PBXGroup;
			children = (
				2D0ADFDF2FA8696C00C55AC5 /* SampleWalletApp.app */,
				2D0ADFF52FA8696C00C55AC5 /* SampleWalletAppTests.xctest */,
				2D0ADFFF2FA8696C00C55AC5 /* SampleWalletAppUITests.xctest */,
			);
			name = Products;
			sourceTree = "<group>";
		};
/* End PBXGroup section */

/* Begin PBXNativeTarget section */
		2D0ADFDE2FA8696C00C55AC5 /* SampleWalletApp */ = {
			isa = PBXNativeTarget;
			buildConfigurationList = 2D0AE0082FA8696C00C55AC5 /* Build configuration list for PBXNativeTarget "SampleWalletApp" */;
			buildPhases = (
				2D0ADFDB2FA8696C00C55AC5 /* Sources */,
				2D0ADFDC2FA8696C00C55AC5 /* Frameworks */,
				2D0ADFDD2FA8696C00C55AC5 /* Resources */,
			);
			buildRules = (
			);
			dependencies = (
			);
			fileSystemSynchronizedGroups = (
				2D0ADFE12FA8696C00C55AC5 /* SampleWalletApp */,
			);
			name = SampleWalletApp;
			packageProductDependencies = (
				2D0AE0682FA8CF6100C55AC5 /* Wallet */,
				2D0AE0712FA8D54100C55AC5 /* Authentication */,
			);
			productName = SampleWalletApp;
			productReference = 2D0ADFDF2FA8696C00C55AC5 /* SampleWalletApp.app */;
			productType = "com.apple.product-type.application";
		};
		2D0ADFF42FA8696C00C55AC5 /* SampleWalletAppTests */ = {
			isa = PBXNativeTarget;
			buildConfigurationList = 2D0AE00D2FA8696C00C55AC5 /* Build configuration list for PBXNativeTarget "SampleWalletAppTests" */;
			buildPhases = (
				2D0ADFF12FA8696C00C55AC5 /* Sources */,
				2D0ADFF22FA8696C00C55AC5 /* Frameworks */,
				2D0ADFF32FA8696C00C55AC5 /* Resources */,
			);
			buildRules = (
			);
			dependencies = (
				2D0ADFF72FA8696C00C55AC5 /* PBXTargetDependency */,
			);
			fileSystemSynchronizedGroups = (
				2D0ADFF82FA8696C00C55AC5 /* SampleWalletAppTests */,
			);
			name = SampleWalletAppTests;
			packageProductDependencies = (
			);
			productName = SampleWalletAppTests;
			productReference = 2D0ADFF52FA8696C00C55AC5 /* SampleWalletAppTests.xctest */;
			productType = "com.apple.product-type.bundle.unit-test";
		};
		2D0ADFFE2FA8696C00C55AC5 /* SampleWalletAppUITests */ = {
			isa = PBXNativeTarget;
			buildConfigurationList = 2D0AE0102FA8696C00C55AC5 /* Build configuration list for PBXNativeTarget "SampleWalletAppUITests" */;
			buildPhases = (
				2D0ADFFB2FA8696C00C55AC5 /* Sources */,
				2D0ADFFC2FA8696C00C55AC5 /* Frameworks */,
				2D0ADFFD2FA8696C00C55AC5 /* Resources */,
			);
			buildRules = (
			);
			dependencies = (
				2D0AE0012FA8696C00C55AC5 /* PBXTargetDependency */,
			);
			fileSystemSynchronizedGroups = (
				2D0AE0022FA8696C00C55AC5 /* SampleWalletAppUITests */,
			);
			name = SampleWalletAppUITests;
			packageProductDependencies = (
			);
			productName = SampleWalletAppUITests;
			productReference = 2D0ADFFF2FA8696C00C55AC5 /* SampleWalletAppUITests.xctest */;
			productType = "com.apple.product-type.bundle.ui-testing";
		};
/* End PBXNativeTarget section */

/* Begin PBXProject section */
		2D0ADFD72FA8696C00C55AC5 /* Project object */ = {
			isa = PBXProject;
			attributes = {
				BuildIndependentTargetsInParallel = 1;
				LastSwiftUpdateCheck = 2640;
				LastUpgradeCheck = 2640;
				TargetAttributes = {
					2D0ADFDE2FA8696C00C55AC5 = {
						CreatedOnToolsVersion = 26.4.1;
					};
					2D0ADFF42FA8696C00C55AC5 = {
						CreatedOnToolsVersion = 26.4.1;
						TestTargetID = 2D0ADFDE2FA8696C00C55AC5;
					};
					2D0ADFFE2FA8696C00C55AC5 = {
						CreatedOnToolsVersion = 26.4.1;
						TestTargetID = 2D0ADFDE2FA8696C00C55AC5;
					};
				};
			};
			buildConfigurationList = 2D0ADFDA2FA8696C00C55AC5 /* Build configuration list for PBXProject "SampleWalletApp" */;
			developmentRegion = en;
			hasScannedForEncodings = 0;
			knownRegions = (
				en,
				Base,
			);
			mainGroup = 2D0ADFD62FA8696C00C55AC5;
			minimizedProjectReferenceProxies = 1;
			packageReferences = (
				2D0AE1AE2FAB135A00C55AC5 /* XCLocalSwiftPackageReference "Packages/Authentication" */,
				2D0AE1DC2FAB138C00C55AC5 /* XCLocalSwiftPackageReference "Packages/Wallet" */,
			);
			preferredProjectObjectVersion = 77;
			productRefGroup = 2D0ADFE02FA8696C00C55AC5 /* Products */;
			projectDirPath = "";
			projectRoot = "";
			targets = (
				2D0ADFDE2FA8696C00C55AC5 /* SampleWalletApp */,
				2D0ADFF42FA8696C00C55AC5 /* SampleWalletAppTests */,
				2D0ADFFE2FA8696C00C55AC5 /* SampleWalletAppUITests */,
			);
		};
/* End PBXProject section */

/* Begin PBXResourcesBuildPhase section */
		2D0ADFDD2FA8696C00C55AC5 /* Resources */ = {
			isa = PBXResourcesBuildPhase;
			buildActionMask = 2147483647;
			files = (
			);
			runOnlyForDeploymentPostprocessing = 0;
		};
		2D0ADFF32FA8696C00C55AC5 /* Resources */ = {
			isa = PBXResourcesBuildPhase;
			buildActionMask = 2147483647;
			files = (
			);
			runOnlyForDeploymentPostprocessing = 0;
		};
		2D0ADFFD2FA8696C00C55AC5 /* Resources */ = {
			isa = PBXResourcesBuildPhase;
			buildActionMask = 2147483647;
			files = (
			);
			runOnlyForDeploymentPostprocessing = 0;
		};
/* End PBXResourcesBuildPhase section */

/* Begin PBXSourcesBuildPhase section */
		2D0ADFDB2FA8696C00C55AC5 /* Sources */ = {
			isa = PBXSourcesBuildPhase;
			buildActionMask = 2147483647;
			files = (
			);
			runOnlyForDeploymentPostprocessing = 0;
		};
		2D0ADFF12FA8696C00C55AC5 /* Sources */ = {
			isa = PBXSourcesBuildPhase;
			buildActionMask = 2147483647;
			files = (
			);
			runOnlyForDeploymentPostprocessing = 0;
		};
		2D0ADFFB2FA8696C00C55AC5 /* Sources */ = {
			isa = PBXSourcesBuildPhase;
			buildActionMask = 2147483647;
			files = (
			);
			runOnlyForDeploymentPostprocessing = 0;
		};
/* End PBXSourcesBuildPhase section */

/* Begin PBXTargetDependency section */
		2D0ADFF72FA8696C00C55AC5 /* PBXTargetDependency */ = {
			isa = PBXTargetDependency;
			target = 2D0ADFDE2FA8696C00C55AC5 /* SampleWalletApp */;
			targetProxy = 2D0ADFF62FA8696C00C55AC5 /* PBXContainerItemProxy */;
		};
		2D0AE0012FA8696C00C55AC5 /* PBXTargetDependency */ = {
			isa = PBXTargetDependency;
			target = 2D0ADFDE2FA8696C00C55AC5 /* SampleWalletApp */;
			targetProxy = 2D0AE0002FA8696C00C55AC5 /* PBXContainerItemProxy */;
		};
/* End PBXTargetDependency section */

/* Begin XCBuildConfiguration section */
		2D0AE0092FA8696C00C55AC5 /* Debug */ = {
			isa = XCBuildConfiguration;
			buildSettings = {
				ASSETCATALOG_COMPILER_APPICON_NAME = AppIcon;
				ASSETCATALOG_COMPILER_GLOBAL_ACCENT_COLOR_NAME = AccentColor;
				CODE_SIGN_STYLE = Automatic;
				CURRENT_PROJECT_VERSION = 1;
				GENERATE_INFOPLIST_FILE = YES;
				INFOPLIST_FILE = SampleWalletApp/Info.plist;
				INFOPLIST_KEY_UIApplicationSupportsIndirectInputEvents = YES;
				INFOPLIST_KEY_UILaunchStoryboardName = LaunchScreen;
				INFOPLIST_KEY_UISupportedInterfaceOrientations_iPad = "UIInterfaceOrientationPortrait UIInterfaceOrientationPortraitUpsideDown UIInterfaceOrientationLandscapeLeft UIInterfaceOrientationLandscapeRight";
				INFOPLIST_KEY_UISupportedInterfaceOrientations_iPhone = "UIInterfaceOrientationPortrait UIInterfaceOrientationLandscapeLeft UIInterfaceOrientationLandscapeRight";
				IPHONEOS_DEPLOYMENT_TARGET = 15.6;
				LD_RUNPATH_SEARCH_PATHS = (
					"$(inherited)",
					"@executable_path/Frameworks",
				);
				MARKETING_VERSION = 1.0;
				PRODUCT_BUNDLE_IDENTIFIER = software.mlq.SampleWalletApp;
				PRODUCT_NAME = "$(TARGET_NAME)";
				STRING_CATALOG_GENERATE_SYMBOLS = YES;
				SWIFT_APPROACHABLE_CONCURRENCY = YES;
				SWIFT_DEFAULT_ACTOR_ISOLATION = MainActor;
				SWIFT_EMIT_LOC_STRINGS = YES;
				SWIFT_UPCOMING_FEATURE_MEMBER_IMPORT_VISIBILITY = YES;
				SWIFT_VERSION = 6.0;
				TARGETED_DEVICE_FAMILY = "1,2";
			};
			name = Debug;
		};
		2D0AE00A2FA8696C00C55AC5 /* Release */ = {
			isa = XCBuildConfiguration;
			buildSettings = {
				ASSETCATALOG_COMPILER_APPICON_NAME = AppIcon;
				ASSETCATALOG_COMPILER_GLOBAL_ACCENT_COLOR_NAME = AccentColor;
				CODE_SIGN_STYLE = Automatic;
				CURRENT_PROJECT_VERSION = 1;
				GENERATE_INFOPLIST_FILE = YES;
				INFOPLIST_FILE = SampleWalletApp/Info.plist;
				INFOPLIST_KEY_UIApplicationSupportsIndirectInputEvents = YES;
				INFOPLIST_KEY_UILaunchStoryboardName = LaunchScreen;
				INFOPLIST_KEY_UISupportedInterfaceOrientations_iPad = "UIInterfaceOrientationPortrait UIInterfaceOrientationPortraitUpsideDown UIInterfaceOrientationLandscapeLeft UIInterfaceOrientationLandscapeRight";
				INFOPLIST_KEY_UISupportedInterfaceOrientations_iPhone = "UIInterfaceOrientationPortrait UIInterfaceOrientationLandscapeLeft UIInterfaceOrientationLandscapeRight";
				IPHONEOS_DEPLOYMENT_TARGET = 15.6;
				LD_RUNPATH_SEARCH_PATHS = (
					"$(inherited)",
					"@executable_path/Frameworks",
				);
				MARKETING_VERSION = 1.0;
				PRODUCT_BUNDLE_IDENTIFIER = software.mlq.SampleWalletApp;
				PRODUCT_NAME = "$(TARGET_NAME)";
				STRING_CATALOG_GENERATE_SYMBOLS = YES;
				SWIFT_APPROACHABLE_CONCURRENCY = YES;
				SWIFT_DEFAULT_ACTOR_ISOLATION = MainActor;
				SWIFT_EMIT_LOC_STRINGS = YES;
				SWIFT_UPCOMING_FEATURE_MEMBER_IMPORT_VISIBILITY = YES;
				SWIFT_VERSION = 6.0;
				TARGETED_DEVICE_FAMILY = "1,2";
			};
			name = Release;
		};
		2D0AE00B2FA8696C00C55AC5 /* Debug */ = {
			isa = XCBuildConfiguration;
			buildSettings = {
				ALWAYS_SEARCH_USER_PATHS = NO;
				ASSETCATALOG_COMPILER_GENERATE_SWIFT_ASSET_SYMBOL_EXTENSIONS = YES;
				CLANG_ANALYZER_NONNULL = YES;
				CLANG_ANALYZER_NUMBER_OBJECT_CONVERSION = YES_AGGRESSIVE;
				CLANG_CXX_LANGUAGE_STANDARD = "gnu++20";
				CLANG_ENABLE_MODULES = YES;
				CLANG_ENABLE_OBJC_ARC = YES;
				CLANG_ENABLE_OBJC_WEAK = YES;
				CLANG_WARN_BLOCK_CAPTURE_AUTORELEASING = YES;
				CLANG_WARN_BOOL_CONVERSION = YES;
				CLANG_WARN_COMMA = YES;
				CLANG_WARN_CONSTANT_CONVERSION = YES;
				CLANG_WARN_DEPRECATED_OBJC_IMPLEMENTATIONS = YES;
				CLANG_WARN_DIRECT_OBJC_ISA_USAGE = YES_ERROR;
				CLANG_WARN_DOCUMENTATION_COMMENTS = YES;
				CLANG_WARN_EMPTY_BODY = YES;
				CLANG_WARN_ENUM_CONVERSION = YES;
				CLANG_WARN_INFINITE_RECURSION = YES;
				CLANG_WARN_INT_CONVERSION = YES;
				CLANG_WARN_NON_LITERAL_NULL_CONVERSION = YES;
				CLANG_WARN_OBJC_IMPLICIT_RETAIN_SELF = YES;
				CLANG_WARN_OBJC_LITERAL_CONVERSION = YES;
				CLANG_WARN_OBJC_ROOT_CLASS = YES_ERROR;
				CLANG_WARN_QUOTED_INCLUDE_IN_FRAMEWORK_HEADER = YES;
				CLANG_WARN_RANGE_LOOP_ANALYSIS = YES;
				CLANG_WARN_STRICT_PROTOTYPES = YES;
				CLANG_WARN_SUSPICIOUS_MOVE = YES;
				CLANG_WARN_UNGUARDED_AVAILABILITY = YES_AGGRESSIVE;
				CLANG_WARN_UNREACHABLE_CODE = YES;
				CLANG_WARN__DUPLICATE_METHOD_MATCH = YES;
				COPY_PHASE_STRIP = NO;
				DEBUG_INFORMATION_FORMAT = dwarf;
				ENABLE_STRICT_OBJC_MSGSEND = YES;
				ENABLE_TESTABILITY = YES;
				ENABLE_USER_SCRIPT_SANDBOXING = YES;
				GCC_C_LANGUAGE_STANDARD = gnu17;
				GCC_DYNAMIC_NO_PIC = NO;
				GCC_NO_COMMON_BLOCKS = YES;
				GCC_OPTIMIZATION_LEVEL = 0;
				GCC_PREPROCESSOR_DEFINITIONS = (
					"DEBUG=1",
					"$(inherited)",
				);
				GCC_WARN_64_TO_32_BIT_CONVERSION = YES;
				GCC_WARN_ABOUT_RETURN_TYPE = YES_ERROR;
				GCC_WARN_UNDECLARED_SELECTOR = YES;
				GCC_WARN_UNINITIALIZED_AUTOS = YES_AGGRESSIVE;
				GCC_WARN_UNUSED_FUNCTION = YES;
				GCC_WARN_UNUSED_VARIABLE = YES;
				IPHONEOS_DEPLOYMENT_TARGET = 26.4;
				LOCALIZATION_PREFERS_STRING_CATALOGS = YES;
				MTL_ENABLE_DEBUG_INFO = INCLUDE_SOURCE;
				MTL_FAST_MATH = YES;
				ONLY_ACTIVE_ARCH = YES;
				SDKROOT = iphoneos;
				SWIFT_ACTIVE_COMPILATION_CONDITIONS = "DEBUG $(inherited)";
				SWIFT_OPTIMIZATION_LEVEL = "-Onone";
			};
			name = Debug;
		};
		2D0AE00C2FA8696C00C55AC5 /* Release */ = {
			isa = XCBuildConfiguration;
			buildSettings = {
				ALWAYS_SEARCH_USER_PATHS = NO;
				ASSETCATALOG_COMPILER_GENERATE_SWIFT_ASSET_SYMBOL_EXTENSIONS = YES;
				CLANG_ANALYZER_NONNULL = YES;
				CLANG_ANALYZER_NUMBER_OBJECT_CONVERSION = YES_AGGRESSIVE;
				CLANG_CXX_LANGUAGE_STANDARD = "gnu++20";
				CLANG_ENABLE_MODULES = YES;
				CLANG_ENABLE_OBJC_ARC = YES;
				CLANG_ENABLE_OBJC_WEAK = YES;
				CLANG_WARN_BLOCK_CAPTURE_AUTORELEASING = YES;
				CLANG_WARN_BOOL_CONVERSION = YES;
				CLANG_WARN_COMMA = YES;
				CLANG_WARN_CONSTANT_CONVERSION = YES;
				CLANG_WARN_DEPRECATED_OBJC_IMPLEMENTATIONS = YES;
				CLANG_WARN_DIRECT_OBJC_ISA_USAGE = YES_ERROR;
				CLANG_WARN_DOCUMENTATION_COMMENTS = YES;
				CLANG_WARN_EMPTY_BODY = YES;
				CLANG_WARN_ENUM_CONVERSION = YES;
				CLANG_WARN_INFINITE_RECURSION = YES;
				CLANG_WARN_INT_CONVERSION = YES;
				CLANG_WARN_NON_LITERAL_NULL_CONVERSION = YES;
				CLANG_WARN_OBJC_IMPLICIT_RETAIN_SELF = YES;
				CLANG_WARN_OBJC_LITERAL_CONVERSION = YES;
				CLANG_WARN_OBJC_ROOT_CLASS = YES_ERROR;
				CLANG_WARN_QUOTED_INCLUDE_IN_FRAMEWORK_HEADER = YES;
				CLANG_WARN_RANGE_LOOP_ANALYSIS = YES;
				CLANG_WARN_STRICT_PROTOTYPES = YES;
				CLANG_WARN_SUSPICIOUS_MOVE = YES;
				CLANG_WARN_UNGUARDED_AVAILABILITY = YES_AGGRESSIVE;
				CLANG_WARN_UNREACHABLE_CODE = YES;
				CLANG_WARN__DUPLICATE_METHOD_MATCH = YES;
				COPY_PHASE_STRIP = NO;
				DEBUG_INFORMATION_FORMAT = "dwarf-with-dsym";
				ENABLE_NS_ASSERTIONS = NO;
				ENABLE_STRICT_OBJC_MSGSEND = YES;
				ENABLE_USER_SCRIPT_SANDBOXING = YES;
				GCC_C_LANGUAGE_STANDARD = gnu17;
				GCC_NO_COMMON_BLOCKS = YES;
				GCC_WARN_64_TO_32_BIT_CONVERSION = YES;
				GCC_WARN_ABOUT_RETURN_TYPE = YES_ERROR;
				GCC_WARN_UNDECLARED_SELECTOR = YES;
				GCC_WARN_UNINITIALIZED_AUTOS = YES_AGGRESSIVE;
				GCC_WARN_UNUSED_FUNCTION = YES;
				GCC_WARN_UNUSED_VARIABLE = YES;
				IPHONEOS_DEPLOYMENT_TARGET = 26.4;
				LOCALIZATION_PREFERS_STRING_CATALOGS = YES;
				MTL_ENABLE_DEBUG_INFO = NO;
				MTL_FAST_MATH = YES;
				SDKROOT = iphoneos;
				SWIFT_COMPILATION_MODE = wholemodule;
				VALIDATE_PRODUCT = YES;
			};
			name = Release;
		};
		2D0AE00E2FA8696C00C55AC5 /* Debug */ = {
			isa = XCBuildConfiguration;
			buildSettings = {
				BUNDLE_LOADER = "$(TEST_HOST)";
				CODE_SIGN_STYLE = Automatic;
				CURRENT_PROJECT_VERSION = 1;
				GENERATE_INFOPLIST_FILE = YES;
				IPHONEOS_DEPLOYMENT_TARGET = 26.4;
				MARKETING_VERSION = 1.0;
				PRODUCT_BUNDLE_IDENTIFIER = software.mlq.SampleWalletAppTests;
				PRODUCT_NAME = "$(TARGET_NAME)";
				STRING_CATALOG_GENERATE_SYMBOLS = NO;
				SWIFT_APPROACHABLE_CONCURRENCY = YES;
				SWIFT_EMIT_LOC_STRINGS = NO;
				SWIFT_UPCOMING_FEATURE_MEMBER_IMPORT_VISIBILITY = YES;
				SWIFT_VERSION = 5.0;
				TARGETED_DEVICE_FAMILY = "1,2";
				TEST_HOST = "$(BUILT_PRODUCTS_DIR)/SampleWalletApp.app/$(BUNDLE_EXECUTABLE_FOLDER_PATH)/SampleWalletApp";
			};
			name = Debug;
		};
		2D0AE00F2FA8696C00C55AC5 /* Release */ = {
			isa = XCBuildConfiguration;
			buildSettings = {
				BUNDLE_LOADER = "$(TEST_HOST)";
				CODE_SIGN_STYLE = Automatic;
				CURRENT_PROJECT_VERSION = 1;
				GENERATE_INFOPLIST_FILE = YES;
				IPHONEOS_DEPLOYMENT_TARGET = 26.4;
				MARKETING_VERSION = 1.0;
				PRODUCT_BUNDLE_IDENTIFIER = software.mlq.SampleWalletAppTests;
				PRODUCT_NAME = "$(TARGET_NAME)";
				STRING_CATALOG_GENERATE_SYMBOLS = NO;
				SWIFT_APPROACHABLE_CONCURRENCY = YES;
				SWIFT_EMIT_LOC_STRINGS = NO;
				SWIFT_UPCOMING_FEATURE_MEMBER_IMPORT_VISIBILITY = YES;
				SWIFT_VERSION = 5.0;
				TARGETED_DEVICE_FAMILY = "1,2";
				TEST_HOST = "$(BUILT_PRODUCTS_DIR)/SampleWalletApp.app/$(BUNDLE_EXECUTABLE_FOLDER_PATH)/SampleWalletApp";
			};
			name = Release;
		};
		2D0AE0112FA8696C00C55AC5 /* Debug */ = {
			isa = XCBuildConfiguration;
			buildSettings = {
				CODE_SIGN_STYLE = Automatic;
				CURRENT_PROJECT_VERSION = 1;
				GENERATE_INFOPLIST_FILE = YES;
				MARKETING_VERSION = 1.0;
				PRODUCT_BUNDLE_IDENTIFIER = software.mlq.SampleWalletAppUITests;
				PRODUCT_NAME = "$(TARGET_NAME)";
				STRING_CATALOG_GENERATE_SYMBOLS = NO;
				SWIFT_APPROACHABLE_CONCURRENCY = YES;
				SWIFT_EMIT_LOC_STRINGS = NO;
				SWIFT_UPCOMING_FEATURE_MEMBER_IMPORT_VISIBILITY = YES;
				SWIFT_VERSION = 5.0;
				TARGETED_DEVICE_FAMILY = "1,2";
				TEST_TARGET_NAME = SampleWalletApp;
			};
			name = Debug;
		};
		2D0AE0122FA8696C00C55AC5 /* Release */ = {
			isa = XCBuildConfiguration;
			buildSettings = {
				CODE_SIGN_STYLE = Automatic;
				CURRENT_PROJECT_VERSION = 1;
				GENERATE_INFOPLIST_FILE = YES;
				MARKETING_VERSION = 1.0;
				PRODUCT_BUNDLE_IDENTIFIER = software.mlq.SampleWalletAppUITests;
				PRODUCT_NAME = "$(TARGET_NAME)";
				STRING_CATALOG_GENERATE_SYMBOLS = NO;
				SWIFT_APPROACHABLE_CONCURRENCY = YES;
				SWIFT_EMIT_LOC_STRINGS = NO;
				SWIFT_UPCOMING_FEATURE_MEMBER_IMPORT_VISIBILITY = YES;
				SWIFT_VERSION = 5.0;
				TARGETED_DEVICE_FAMILY = "1,2";
				TEST_TARGET_NAME = SampleWalletApp;
			};
			name = Release;
		};
/* End XCBuildConfiguration section */

/* Begin XCConfigurationList section */
		2D0ADFDA2FA8696C00C55AC5 /* Build configuration list for PBXProject "SampleWalletApp" */ = {
			isa = XCConfigurationList;
			buildConfigurations = (
				2D0AE00B2FA8696C00C55AC5 /* Debug */,
				2D0AE00C2FA8696C00C55AC5 /* Release */,
			);
			defaultConfigurationIsVisible = 0;
			defaultConfigurationName = Release;
		};
		2D0AE0082FA8696C00C55AC5 /* Build configuration list for PBXNativeTarget "SampleWalletApp" */ = {
			isa = XCConfigurationList;
			buildConfigurations = (
				2D0AE0092FA8696C00C55AC5 /* Debug */,
				2D0AE00A2FA8696C00C55AC5 /* Release */,
			);
			defaultConfigurationIsVisible = 0;
			defaultConfigurationName = Release;
		};
		2D0AE00D2FA8696C00C55AC5 /* Build configuration list for PBXNativeTarget "SampleWalletAppTests" */ = {
			isa = XCConfigurationList;
			buildConfigurations = (
				2D0AE00E2FA8696C00C55AC5 /* Debug */,
				2D0AE00F2FA8696C00C55AC5 /* Release */,
			);
			defaultConfigurationIsVisible = 0;
			defaultConfigurationName = Release;
		};
		2D0AE0102FA8696C00C55AC5 /* Build configuration list for PBXNativeTarget "SampleWalletAppUITests" */ = {
			isa = XCConfigurationList;
			buildConfigurations = (
				2D0AE0112FA8696C00C55AC5 /* Debug */,
				2D0AE0122FA8696C00C55AC5 /* Release */,
			);
			defaultConfigurationIsVisible = 0;
			defaultConfigurationName = Release;
		};
/* End XCConfigurationList section */

/* Begin XCLocalSwiftPackageReference section */
		2D0AE1AE2FAB135A00C55AC5 /* XCLocalSwiftPackageReference "Packages/Authentication" */ = {
			isa = XCLocalSwiftPackageReference;
			relativePath = Packages/Authentication;
		};
		2D0AE1DC2FAB138C00C55AC5 /* XCLocalSwiftPackageReference "Packages/Wallet" */ = {
			isa = XCLocalSwiftPackageReference;
			relativePath = Packages/Wallet;
		};
/* End XCLocalSwiftPackageReference section */

/* Begin XCSwiftPackageProductDependency section */
		2D0AE0682FA8CF6100C55AC5 /* Wallet */ = {
			isa = XCSwiftPackageProductDependency;
			productName = Wallet;
		};
		2D0AE0712FA8D54100C55AC5 /* Authentication */ = {
			isa = XCSwiftPackageProductDependency;
			productName = Authentication;
		};
/* End XCSwiftPackageProductDependency section */
	};
	rootObject = 2D0ADFD72FA8696C00C55AC5 /* Project object */;
}
